
Microsoft Visual Studio Solution File, Format Version 12.00
# Visual Studio 15
VisualStudioVersion = 15.0.28307.539
MinimumVisualStudioVersion = 10.0.40219.1
Project("{FAE04EC0-301F-11D3-BF4B-00C04F79EFBC}") = "Cadastro_BancoDeDados", "Cadastro_BancoDeDados\Cadastro_BancoDeDados.csproj", "{275F5869-D4F0-419C-A679-8C819DCA8825}"
EndProject
Project("{FAE04EC0-301F-11D3-BF4B-00C04F79EFBC}") = "Cadastro", "Cadastro\Cadastro.csproj", "{A1EC4E4C-9111-490D-922B-91FA898D311A}"
EndProject
Global
	GlobalSection(SolutionConfigurationPlatforms) = preSolution
		Debug|Any CPU = Debug|Any CPU
		Release|Any CPU = Release|Any CPU
	EndGlobalSection
	GlobalSection(ProjectConfigurationPlatforms) = postSolution
		{275F5869-D4F0-419C-A679-8C819DCA8825}.Debug|Any CPU.ActiveCfg = Debug|Any CPU
		{275F5869-D4F0-419C-A679-8C819DCA8825}.Debug|Any CPU.Build.0 = Debug|Any CPU
		{275F5869-D4F0-419C-A679-8C819DCA8825}.Release|Any CPU.ActiveCfg = Release|Any CPU
		{275F5869-D4F0-419C-A679-8C819DCA8825}.Release|Any CPU.Build.0 = Release|Any CPU
		{A1EC4E4C-9111-490D-922B-91FA898D311A}.Debug|Any CPU.ActiveCfg = Debug|Any CPU
		{A1EC4E4C-9111-490D-922B-91FA898D311A}.Debug|Any CPU.Build.0 = Debug|Any CPU
		{A1EC4E4C-9111-490D-922B-91FA898D311A}.Release|Any CPU.ActiveCfg = Release|Any CPU
		{A1EC4E4C-9111-490D-922B-91FA898D311A}.Release|Any CPU.Build.0 = Release|Any CPU
	EndGlobalSection
	GlobalSection(SolutionProperties) = preSolution
		HideSolutionNode = FALSE
	EndGlobalSection
	GlobalSection(ExtensibilityGlobals) = postSolution
		SolutionGuid = {E9AC20D4-CC51-4837-BE54-8FC8273D65C6}
	EndGlobalSection
EndGlobal
